
Microsoft Visual Studio Solution File, Format Version 12.00
# Visual Studio Version 17
VisualStudioVersion = 17.11.35222.181
MinimumVisualStudioVersion = 10.0.40219.1
Project("{FAE04EC0-301F-11D3-BF4B-00C04F79EFBC}") = "Pokedex", "Pokedex\Pokedex.csproj", "{09F945BF-FBBD-4E21-9204-171D20AD98E9}"
EndProject
Global
	GlobalSection(SolutionConfigurationPlatforms) = preSolution
		Debug|Any CPU = Debug|Any CPU
		Release|Any CPU = Release|Any CPU
	EndGlobalSection
	GlobalSection(ProjectConfigurationPlatforms) = postSolution
		{09F945BF-FBBD-4E21-9204-171D20AD98E9}.Debug|Any CPU.ActiveCfg = Debug|Any CPU
		{09F945BF-FBBD-4E21-9204-171D20AD98E9}.Debug|Any CPU.Build.0 = Debug|Any CPU
		{09F945BF-FBBD-4E21-9204-171D20AD98E9}.Release|Any CPU.ActiveCfg = Release|Any CPU
		{09F945BF-FBBD-4E21-9204-171D20AD98E9}.Release|Any CPU.Build.0 = Release|Any CPU
	EndGlobalSection
	GlobalSection(SolutionProperties) = preSolution
		HideSolutionNode = FALSE
	EndGlobalSection
	GlobalSection(ExtensibilityGlobals) = postSolution
		SolutionGuid = {CE737FCC-BEBB-4762-BAD2-E30E465F71ED}
	EndGlobalSection
EndGlobal
